
Microsoft Visual Studio Solution File, Format Version 12.00
# Visual Studio Version 17
VisualStudioVersion = 17.3.32929.385
MinimumVisualStudioVersion = 10.0.40219.1
Project("{FAE04EC0-301F-11D3-BF4B-00C04F79EFBC}") = "SumTestLab1", "SumTestLab1\SumTestLab1.csproj", "{007591E7-24E3-4CBA-9425-FD66160D3129}"
EndProject
Global
	GlobalSection(SolutionConfigurationPlatforms) = preSolution
		Debug|Any CPU = Debug|Any CPU
		Release|Any CPU = Release|Any CPU
	EndGlobalSection
	GlobalSection(ProjectConfigurationPlatforms) = postSolution
		{007591E7-24E3-4CBA-9425-FD66160D3129}.Debug|Any CPU.ActiveCfg = Debug|Any CPU
		{007591E7-24E3-4CBA-9425-FD66160D3129}.Debug|Any CPU.Build.0 = Debug|Any CPU
		{007591E7-24E3-4CBA-9425-FD66160D3129}.Release|Any CPU.ActiveCfg = Release|Any CPU
		{007591E7-24E3-4CBA-9425-FD66160D3129}.Release|Any CPU.Build.0 = Release|Any CPU
	EndGlobalSection
	GlobalSection(SolutionProperties) = preSolution
		HideSolutionNode = FALSE
	EndGlobalSection
	GlobalSection(ExtensibilityGlobals) = postSolution
		SolutionGuid = {F23976D1-DD4F-45F5-BE23-9EF5F4574584}
	EndGlobalSection
EndGlobal
